{
  "schema_version": 1,
  "created_at": "2026-03-15T00:07:47.822548+00:00",
  "updated_at": "2026-03-15T00:07:47.822548+00:00",
  "guardian_version": "1.2.3",
  "workspace_id": "a101963c258d15e236188c6b1ba4b90c370d4f413b9bfbf8decbda672dc32d63",
  "rules_hash": "2dfd3ef2fccbaeb3d225229760d642f2d8fd7d4bef6b4e181268f3555bbb6510",
  "rules_source": ".agent/rules"
}